// !$*UTF8*$!
{
	archiveVersion = 1;
	classes = {
	};
	objectVersion = 56;
	objects = {

/* Begin PBXBuildFile section */
		083DF63C2B1B431500386F19 /* CleanArchitectureApp.swift in Sources */ = {isa = PBXBuildFile; fileRef = 083DF63B2B1B431500386F19 /* CleanArchitectureApp.swift */; };
		083DF6402B1B431600386F19 /* Assets.xcassets in Resources */ = {isa = PBXBuildFile; fileRef = 083DF63F2B1B431600386F19 /* Assets.xcassets */; };
		083DF6432B1B431600386F19 /* Preview Assets.xcassets in Resources */ = {isa = PBXBuildFile; fileRef = 083DF6422B1B431600386F19 /* Preview Assets.xcassets */; };
		083DF64B2B1B453D00386F19 /* Constants.swift in Sources */ = {isa = PBXBuildFile; fileRef = 083DF64A2B1B453D00386F19 /* Constants.swift */; };
		083DF6532B1B460D00386F19 /* TodoDataSourceImpl.swift in Sources */ = {isa = PBXBuildFile; fileRef = 083DF6522B1B460D00386F19 /* TodoDataSourceImpl.swift */; };
		083DF6552B1B461E00386F19 /* TodoDataSource.swift in Sources */ = {isa = PBXBuildFile; fileRef = 083DF6542B1B461E00386F19 /* TodoDataSource.swift */; };
		083DF6582B1B464E00386F19 /* Todo.swift in Sources */ = {isa = PBXBuildFile; fileRef = 083DF6572B1B464E00386F19 /* Todo.swift */; };
		083DF65B2B1B478300386F19 /* TodoAPIEntity.swift in Sources */ = {isa = PBXBuildFile; fileRef = 083DF65A2B1B478300386F19 /* TodoAPIEntity.swift */; };
		083DF65E2B1B497F00386F19 /* TodoRepository.swift in Sources */ = {isa = PBXBuildFile; fileRef = 083DF65D2B1B497F00386F19 /* TodoRepository.swift */; };
		083DF6602B1B49DF00386F19 /* TodoRepositoryImpl.swift in Sources */ = {isa = PBXBuildFile; fileRef = 083DF65F2B1B49DF00386F19 /* TodoRepositoryImpl.swift */; };
		083DF6632B1B4CC100386F19 /* GetTodos.swift in Sources */ = {isa = PBXBuildFile; fileRef = 083DF6622B1B4CC100386F19 /* GetTodos.swift */; };
		083DF6652B1B4D2A00386F19 /* TodoListViewModel.swift in Sources */ = {isa = PBXBuildFile; fileRef = 083DF6642B1B4D2A00386F19 /* TodoListViewModel.swift */; };
		083DF6672B1B4DCF00386F19 /* TodoListView.swift in Sources */ = {isa = PBXBuildFile; fileRef = 083DF6662B1B4DCF00386F19 /* TodoListView.swift */; };
/* End PBXBuildFile section */

/* Begin PBXFileReference section */
		083DF6382B1B431500386F19 /* CleanArchitecture.app */ = {isa = PBXFileReference; explicitFileType = wrapper.application; includeInIndex = 0; path = CleanArchitecture.app; sourceTree = BUILT_PRODUCTS_DIR; };
		083DF63B2B1B431500386F19 /* CleanArchitectureApp.swift */ = {isa = PBXFileReference; lastKnownFileType = sourcecode.swift; path = CleanArchitectureApp.swift; sourceTree = "<group>"; };
		083DF63F2B1B431600386F19 /* Assets.xcassets */ = {isa = PBXFileReference; lastKnownFileType = folder.assetcatalog; path = Assets.xcassets; sourceTree = "<group>"; };
		083DF6422B1B431600386F19 /* Preview Assets.xcassets */ = {isa = PBXFileReference; lastKnownFileType = folder.assetcatalog; path = "Preview Assets.xcassets"; sourceTree = "<group>"; };
		083DF64A2B1B453D00386F19 /* Constants.swift */ = {isa = PBXFileReference; lastKnownFileType = sourcecode.swift; path = Constants.swift; sourceTree = "<group>"; };
		083DF6522B1B460D00386F19 /* TodoDataSourceImpl.swift */ = {isa = PBXFileReference; lastKnownFileType = sourcecode.swift; path = TodoDataSourceImpl.swift; sourceTree = "<group>"; };
		083DF6542B1B461E00386F19 /* TodoDataSource.swift */ = {isa = PBXFileReference; lastKnownFileType = sourcecode.swift; path = TodoDataSource.swift; sourceTree = "<group>"; };
		083DF6572B1B464E00386F19 /* Todo.swift */ = {isa = PBXFileReference; lastKnownFileType = sourcecode.swift; path = Todo.swift; sourceTree = "<group>"; };
		083DF65A2B1B478300386F19 /* TodoAPIEntity.swift */ = {isa = PBXFileReference; lastKnownFileType = sourcecode.swift; path = TodoAPIEntity.swift; sourceTree = "<group>"; };
		083DF65D2B1B497F00386F19 /* TodoRepository.swift */ = {isa = PBXFileReference; lastKnownFileType = sourcecode.swift; path = TodoRepository.swift; sourceTree = "<group>"; };
		083DF65F2B1B49DF00386F19 /* TodoRepositoryImpl.swift */ = {isa = PBXFileReference; lastKnownFileType = sourcecode.swift; path = TodoRepositoryImpl.swift; sourceTree = "<group>"; };
		083DF6622B1B4CC100386F19 /* GetTodos.swift */ = {isa = PBXFileReference; lastKnownFileType = sourcecode.swift; path = GetTodos.swift; sourceTree = "<group>"; };
		083DF6642B1B4D2A00386F19 /* TodoListViewModel.swift */ = {isa = PBXFileReference; lastKnownFileType = sourcecode.swift; path = TodoListViewModel.swift; sourceTree = "<group>"; };
		083DF6662B1B4DCF00386F19 /* TodoListView.swift */ = {isa = PBXFileReference; lastKnownFileType = sourcecode.swift; path = TodoListView.swift; sourceTree = "<group>"; };
/* End PBXFileReference section */

/* Begin PBXFrameworksBuildPhase section */
		083DF6352B1B431500386F19 /* Frameworks */ = {
			isa = PBXFrameworksBuildPhase;
			buildActionMask = 2147483647;
			files = (
			);
			runOnlyForDeploymentPostprocessing = 0;
		};
/* End PBXFrameworksBuildPhase section */

/* Begin PBXGroup section */
		083DF62F2B1B431500386F19 = {
			isa = PBXGroup;
			children = (
				083DF63A2B1B431500386F19 /* CleanArchitecture */,
				083DF6392B1B431500386F19 /* Products */,
			);
			sourceTree = "<group>";
		};
		083DF6392B1B431500386F19 /* Products */ = {
			isa = PBXGroup;
			children = (
				083DF6382B1B431500386F19 /* CleanArchitecture.app */,
			);
			name = Products;
			sourceTree = "<group>";
		};
		083DF63A2B1B431500386F19 /* CleanArchitecture */ = {
			isa = PBXGroup;
			children = (
				083DF64E2B1B457200386F19 /* Presentation */,
				083DF64D2B1B456600386F19 /* Domain */,
				083DF64C2B1B455500386F19 /* Data */,
				083DF6492B1B452300386F19 /* Core */,
				083DF63B2B1B431500386F19 /* CleanArchitectureApp.swift */,
				083DF63F2B1B431600386F19 /* Assets.xcassets */,
				083DF6412B1B431600386F19 /* Preview Content */,
			);
			path = CleanArchitecture;
			sourceTree = "<group>";
		};
		083DF6412B1B431600386F19 /* Preview Content */ = {
			isa = PBXGroup;
			children = (
				083DF6422B1B431600386F19 /* Preview Assets.xcassets */,
			);
			path = "Preview Content";
			sourceTree = "<group>";
		};
		083DF6492B1B452300386F19 /* Core */ = {
			isa = PBXGroup;
			children = (
				083DF64A2B1B453D00386F19 /* Constants.swift */,
			);
			path = Core;
			sourceTree = "<group>";
		};
		083DF64C2B1B455500386F19 /* Data */ = {
			isa = PBXGroup;
			children = (
				083DF6512B1B45E300386F19 /* DataSource */,
			);
			path = Data;
			sourceTree = "<group>";
		};
		083DF64D2B1B456600386F19 /* Domain */ = {
			isa = PBXGroup;
			children = (
				083DF6612B1B4C9C00386F19 /* UseCase */,
				083DF65C2B1B496500386F19 /* Repository */,
				083DF6562B1B463700386F19 /* Models */,
			);
			path = Domain;
			sourceTree = "<group>";
		};
		083DF64E2B1B457200386F19 /* Presentation */ = {
			isa = PBXGroup;
			children = (
				083DF6642B1B4D2A00386F19 /* TodoListViewModel.swift */,
				083DF6662B1B4DCF00386F19 /* TodoListView.swift */,
			);
			path = Presentation;
			sourceTree = "<group>";
		};
		083DF6512B1B45E300386F19 /* DataSource */ = {
			isa = PBXGroup;
			children = (
				083DF6592B1B476100386F19 /* Entities */,
				083DF6522B1B460D00386F19 /* TodoDataSourceImpl.swift */,
				083DF6542B1B461E00386F19 /* TodoDataSource.swift */,
			);
			path = DataSource;
			sourceTree = "<group>";
		};
		083DF6562B1B463700386F19 /* Models */ = {
			isa = PBXGroup;
			children = (
				083DF6572B1B464E00386F19 /* Todo.swift */,
			);
			path = Models;
			sourceTree = "<group>";
		};
		083DF6592B1B476100386F19 /* Entities */ = {
			isa = PBXGroup;
			children = (
				083DF65A2B1B478300386F19 /* TodoAPIEntity.swift */,
			);
			path = Entities;
			sourceTree = "<group>";
		};
		083DF65C2B1B496500386F19 /* Repository */ = {
			isa = PBXGroup;
			children = (
				083DF65D2B1B497F00386F19 /* TodoRepository.swift */,
				083DF65F2B1B49DF00386F19 /* TodoRepositoryImpl.swift */,
			);
			path = Repository;
			sourceTree = "<group>";
		};
		083DF6612B1B4C9C00386F19 /* UseCase */ = {
			isa = PBXGroup;
			children = (
				083DF6622B1B4CC100386F19 /* GetTodos.swift */,
			);
			path = "Use\U0010Case";
			sourceTree = "<group>";
		};
/* End PBXGroup section */

/* Begin PBXNativeTarget section */
		083DF6372B1B431500386F19 /* CleanArchitecture */ = {
			isa = PBXNativeTarget;
			buildConfigurationList = 083DF6462B1B431600386F19 /* Build configuration list for PBXNativeTarget "CleanArchitecture" */;
			buildPhases = (
				083DF6342B1B431500386F19 /* Sources */,
				083DF6352B1B431500386F19 /* Frameworks */,
				083DF6362B1B431500386F19 /* Resources */,
			);
			buildRules = (
			);
			dependencies = (
			);
			name = CleanArchitecture;
			productName = CleanArchitecutre;
			productReference = 083DF6382B1B431500386F19 /* CleanArchitecture.app */;
			productType = "com.apple.product-type.application";
		};
/* End PBXNativeTarget section */

/* Begin PBXProject section */
		083DF6302B1B431500386F19 /* Project object */ = {
			isa = PBXProject;
			attributes = {
				BuildIndependentTargetsInParallel = 1;
				LastSwiftUpdateCheck = 1500;
				LastUpgradeCheck = 1500;
				TargetAttributes = {
					083DF6372B1B431500386F19 = {
						CreatedOnToolsVersion = 15.0.1;
					};
				};
			};
			buildConfigurationList = 083DF6332B1B431500386F19 /* Build configuration list for PBXProject "CleanArchitecture" */;
			compatibilityVersion = "Xcode 14.0";
			developmentRegion = en;
			hasScannedForEncodings = 0;
			knownRegions = (
				en,
				Base,
			);
			mainGroup = 083DF62F2B1B431500386F19;
			productRefGroup = 083DF6392B1B431500386F19 /* Products */;
			projectDirPath = "";
			projectRoot = "";
			targets = (
				083DF6372B1B431500386F19 /* CleanArchitecture */,
			);
		};
/* End PBXProject section */

/* Begin PBXResourcesBuildPhase section */
		083DF6362B1B431500386F19 /* Resources */ = {
			isa = PBXResourcesBuildPhase;
			buildActionMask = 2147483647;
			files = (
				083DF6432B1B431600386F19 /* Preview Assets.xcassets in Resources */,
				083DF6402B1B431600386F19 /* Assets.xcassets in Resources */,
			);
			runOnlyForDeploymentPostprocessing = 0;
		};
/* End PBXResourcesBuildPhase section */

/* Begin PBXSourcesBuildPhase section */
		083DF6342B1B431500386F19 /* Sources */ = {
			isa = PBXSourcesBuildPhase;
			buildActionMask = 2147483647;
			files = (
				083DF6652B1B4D2A00386F19 /* TodoListViewModel.swift in Sources */,
				083DF6602B1B49DF00386F19 /* TodoRepositoryImpl.swift in Sources */,
				083DF6672B1B4DCF00386F19 /* TodoListView.swift in Sources */,
				083DF6552B1B461E00386F19 /* TodoDataSource.swift in Sources */,
				083DF6582B1B464E00386F19 /* Todo.swift in Sources */,
				083DF63C2B1B431500386F19 /* CleanArchitectureApp.swift in Sources */,
				083DF6532B1B460D00386F19 /* TodoDataSourceImpl.swift in Sources */,
				083DF6632B1B4CC100386F19 /* GetTodos.swift in Sources */,
				083DF65E2B1B497F00386F19 /* TodoRepository.swift in Sources */,
				083DF65B2B1B478300386F19 /* TodoAPIEntity.swift in Sources */,
				083DF64B2B1B453D00386F19 /* Constants.swift in Sources */,
			);
			runOnlyForDeploymentPostprocessing = 0;
		};
/* End PBXSourcesBuildPhase section */

/* Begin XCBuildConfiguration section */
		083DF6442B1B431600386F19 /* Debug */ = {
			isa = XCBuildConfiguration;
			buildSettings = {
				ALWAYS_SEARCH_USER_PATHS = NO;
				ASSETCATALOG_COMPILER_GENERATE_SWIFT_ASSET_SYMBOL_EXTENSIONS = YES;
				CLANG_ANALYZER_NONNULL = YES;
				CLANG_ANALYZER_NUMBER_OBJECT_CONVERSION = YES_AGGRESSIVE;
				CLANG_CXX_LANGUAGE_STANDARD = "gnu++20";
				CLANG_ENABLE_MODULES = YES;
				CLANG_ENABLE_OBJC_ARC = YES;
				CLANG_ENABLE_OBJC_WEAK = YES;
				CLANG_WARN_BLOCK_CAPTURE_AUTORELEASING = YES;
				CLANG_WARN_BOOL_CONVERSION = YES;
				CLANG_WARN_COMMA = YES;
				CLANG_WARN_CONSTANT_CONVERSION = YES;
				CLANG_WARN_DEPRECATED_OBJC_IMPLEMENTATIONS = YES;
				CLANG_WARN_DIRECT_OBJC_ISA_USAGE = YES_ERROR;
				CLANG_WARN_DOCUMENTATION_COMMENTS = YES;
				CLANG_WARN_EMPTY_BODY = YES;
				CLANG_WARN_ENUM_CONVERSION = YES;
				CLANG_WARN_INFINITE_RECURSION = YES;
				CLANG_WARN_INT_CONVERSION = YES;
				CLANG_WARN_NON_LITERAL_NULL_CONVERSION = YES;
				CLANG_WARN_OBJC_IMPLICIT_RETAIN_SELF = YES;
				CLANG_WARN_OBJC_LITERAL_CONVERSION = YES;
				CLANG_WARN_OBJC_ROOT_CLASS = YES_ERROR;
				CLANG_WARN_QUOTED_INCLUDE_IN_FRAMEWORK_HEADER = YES;
				CLANG_WARN_RANGE_LOOP_ANALYSIS = YES;
				CLANG_WARN_STRICT_PROTOTYPES = YES;
				CLANG_WARN_SUSPICIOUS_MOVE = YES;
				CLANG_WARN_UNGUARDED_AVAILABILITY = YES_AGGRESSIVE;
				CLANG_WARN_UNREACHABLE_CODE = YES;
				CLANG_WARN__DUPLICATE_METHOD_MATCH = YES;
				COPY_PHASE_STRIP = NO;
				DEBUG_INFORMATION_FORMAT = dwarf;
				ENABLE_STRICT_OBJC_MSGSEND = YES;
				ENABLE_TESTABILITY = YES;
				ENABLE_USER_SCRIPT_SANDBOXING = YES;
				GCC_C_LANGUAGE_STANDARD = gnu17;
				GCC_DYNAMIC_NO_PIC = NO;
				GCC_NO_COMMON_BLOCKS = YES;
				GCC_OPTIMIZATION_LEVEL = 0;
				GCC_PREPROCESSOR_DEFINITIONS = (
					"DEBUG=1",
					"$(inherited)",
				);
				GCC_WARN_64_TO_32_BIT_CONVERSION = YES;
				GCC_WARN_ABOUT_RETURN_TYPE = YES_ERROR;
				GCC_WARN_UNDECLARED_SELECTOR = YES;
				GCC_WARN_UNINITIALIZED_AUTOS = YES_AGGRESSIVE;
				GCC_WARN_UNUSED_FUNCTION = YES;
				GCC_WARN_UNUSED_VARIABLE = YES;
				IPHONEOS_DEPLOYMENT_TARGET = 17.0;
				LOCALIZATION_PREFERS_STRING_CATALOGS = YES;
				MTL_ENABLE_DEBUG_INFO = INCLUDE_SOURCE;
				MTL_FAST_MATH = YES;
				ONLY_ACTIVE_ARCH = YES;
				SDKROOT = iphoneos;
				SWIFT_ACTIVE_COMPILATION_CONDITIONS = "DEBUG $(inherited)";
				SWIFT_OPTIMIZATION_LEVEL = "-Onone";
			};
			name = Debug;
		};
		083DF6452B1B431600386F19 /* Release */ = {
			isa = XCBuildConfiguration;
			buildSettings = {
				ALWAYS_SEARCH_USER_PATHS = NO;
				ASSETCATALOG_COMPILER_GENERATE_SWIFT_ASSET_SYMBOL_EXTENSIONS = YES;
				CLANG_ANALYZER_NONNULL = YES;
				CLANG_ANALYZER_NUMBER_OBJECT_CONVERSION = YES_AGGRESSIVE;
				CLANG_CXX_LANGUAGE_STANDARD = "gnu++20";
				CLANG_ENABLE_MODULES = YES;
				CLANG_ENABLE_OBJC_ARC = YES;
				CLANG_ENABLE_OBJC_WEAK = YES;
				CLANG_WARN_BLOCK_CAPTURE_AUTORELEASING = YES;
				CLANG_WARN_BOOL_CONVERSION = YES;
				CLANG_WARN_COMMA = YES;
				CLANG_WARN_CONSTANT_CONVERSION = YES;
				CLANG_WARN_DEPRECATED_OBJC_IMPLEMENTATIONS = YES;
				CLANG_WARN_DIRECT_OBJC_ISA_USAGE = YES_ERROR;
				CLANG_WARN_DOCUMENTATION_COMMENTS = YES;
				CLANG_WARN_EMPTY_BODY = YES;
				CLANG_WARN_ENUM_CONVERSION = YES;
				CLANG_WARN_INFINITE_RECURSION = YES;
				CLANG_WARN_INT_CONVERSION = YES;
				CLANG_WARN_NON_LITERAL_NULL_CONVERSION = YES;
				CLANG_WARN_OBJC_IMPLICIT_RETAIN_SELF = YES;
				CLANG_WARN_OBJC_LITERAL_CONVERSION = YES;
				CLANG_WARN_OBJC_ROOT_CLASS = YES_ERROR;
				CLANG_WARN_QUOTED_INCLUDE_IN_FRAMEWORK_HEADER = YES;
				CLANG_WARN_RANGE_LOOP_ANALYSIS = YES;
				CLANG_WARN_STRICT_PROTOTYPES = YES;
				CLANG_WARN_SUSPICIOUS_MOVE = YES;
				CLANG_WARN_UNGUARDED_AVAILABILITY = YES_AGGRESSIVE;
				CLANG_WARN_UNREACHABLE_CODE = YES;
				CLANG_WARN__DUPLICATE_METHOD_MATCH = YES;
				COPY_PHASE_STRIP = NO;
				DEBUG_INFORMATION_FORMAT = "dwarf-with-dsym";
				ENABLE_NS_ASSERTIONS = NO;
				ENABLE_STRICT_OBJC_MSGSEND = YES;
				ENABLE_USER_SCRIPT_SANDBOXING = YES;
				GCC_C_LANGUAGE_STANDARD = gnu17;
				GCC_NO_COMMON_BLOCKS = YES;
				GCC_WARN_64_TO_32_BIT_CONVERSION = YES;
				GCC_WARN_ABOUT_RETURN_TYPE = YES_ERROR;
				GCC_WARN_UNDECLARED_SELECTOR = YES;
				GCC_WARN_UNINITIALIZED_AUTOS = YES_AGGRESSIVE;
				GCC_WARN_UNUSED_FUNCTION = YES;
				GCC_WARN_UNUSED_VARIABLE = YES;
				IPHONEOS_DEPLOYMENT_TARGET = 17.0;
				LOCALIZATION_PREFERS_STRING_CATALOGS = YES;
				MTL_ENABLE_DEBUG_INFO = NO;
				MTL_FAST_MATH = YES;
				SDKROOT = iphoneos;
				SWIFT_COMPILATION_MODE = wholemodule;
				VALIDATE_PRODUCT = YES;
			};
			name = Release;
		};
		083DF6472B1B431600386F19 /* Debug */ = {
			isa = XCBuildConfiguration;
			buildSettings = {
				ASSETCATALOG_COMPILER_APPICON_NAME = AppIcon;
				ASSETCATALOG_COMPILER_GLOBAL_ACCENT_COLOR_NAME = AccentColor;
				CODE_SIGN_STYLE = Automatic;
				CURRENT_PROJECT_VERSION = 1;
				DEVELOPMENT_ASSET_PATHS = "\"CleanArchitecture/Preview Content\"";
				DEVELOPMENT_TEAM = X4NCUCZAX8;
				ENABLE_PREVIEWS = YES;
				GENERATE_INFOPLIST_FILE = YES;
				INFOPLIST_KEY_UIApplicationSceneManifest_Generation = YES;
				INFOPLIST_KEY_UIApplicationSupportsIndirectInputEvents = YES;
				INFOPLIST_KEY_UILaunchScreen_Generation = YES;
				INFOPLIST_KEY_UISupportedInterfaceOrientations = UIInterfaceOrientationPortrait;
				LD_RUNPATH_SEARCH_PATHS = (
					"$(inherited)",
					"@executable_path/Frameworks",
				);
				MARKETING_VERSION = 1.0;
				PRODUCT_BUNDLE_IDENTIFIER = za.co.nanosoft.ios.CleanArchitecture;
				PRODUCT_NAME = "$(TARGET_NAME)";
				SWIFT_EMIT_LOC_STRINGS = YES;
				SWIFT_VERSION = 5.0;
				TARGETED_DEVICE_FAMILY = "1,2";
			};
			name = Debug;
		};
		083DF6482B1B431600386F19 /* Release */ = {
			isa = XCBuildConfiguration;
			buildSettings = {
				ASSETCATALOG_COMPILER_APPICON_NAME = AppIcon;
				ASSETCATALOG_COMPILER_GLOBAL_ACCENT_COLOR_NAME = AccentColor;
				CODE_SIGN_STYLE = Automatic;
				CURRENT_PROJECT_VERSION = 1;
				DEVELOPMENT_ASSET_PATHS = "\"CleanArchitecture/Preview Content\"";
				DEVELOPMENT_TEAM = X4NCUCZAX8;
				ENABLE_PREVIEWS = YES;
				GENERATE_INFOPLIST_FILE = YES;
				INFOPLIST_KEY_UIApplicationSceneManifest_Generation = YES;
				INFOPLIST_KEY_UIApplicationSupportsIndirectInputEvents = YES;
				INFOPLIST_KEY_UILaunchScreen_Generation = YES;
				INFOPLIST_KEY_UISupportedInterfaceOrientations = UIInterfaceOrientationPortrait;
				LD_RUNPATH_SEARCH_PATHS = (
					"$(inherited)",
					"@executable_path/Frameworks",
				);
				MARKETING_VERSION = 1.0;
				PRODUCT_BUNDLE_IDENTIFIER = za.co.nanosoft.ios.CleanArchitecture;
				PRODUCT_NAME = "$(TARGET_NAME)";
				SWIFT_EMIT_LOC_STRINGS = YES;
				SWIFT_VERSION = 5.0;
				TARGETED_DEVICE_FAMILY = "1,2";
			};
			name = Release;
		};
/* End XCBuildConfiguration section */

/* Begin XCConfigurationList section */
		083DF6332B1B431500386F19 /* Build configuration list for PBXProject "CleanArchitecture" */ = {
			isa = XCConfigurationList;
			buildConfigurations = (
				083DF6442B1B431600386F19 /* Debug */,
				083DF6452B1B431600386F19 /* Release */,
			);
			defaultConfigurationIsVisible = 0;
			defaultConfigurationName = Release;
		};
		083DF6462B1B431600386F19 /* Build configuration list for PBXNativeTarget "CleanArchitecture" */ = {
			isa = XCConfigurationList;
			buildConfigurations = (
				083DF6472B1B431600386F19 /* Debug */,
				083DF6482B1B431600386F19 /* Release */,
			);
			defaultConfigurationIsVisible = 0;
			defaultConfigurationName = Release;
		};
/* End XCConfigurationList section */
	};
	rootObject = 083DF6302B1B431500386F19 /* Project object */;
}
